
Microsoft Visual Studio Solution File, Format Version 12.00
# Visual Studio 14
VisualStudioVersion = 14.0.24720.0
MinimumVisualStudioVersion = 10.0.40219.1
Project("{F2A71F9B-5D33-465A-A702-920D77279786}") = "sTranslate_direct", "sTranslate_direct\sTranslate_direct.fsproj", "{2AB076A2-83F4-48A1-A7FB-07AD8E9DDEFE}"
EndProject
Global
	GlobalSection(SolutionConfigurationPlatforms) = preSolution
		Debug|Any CPU = Debug|Any CPU
		Release|Any CPU = Release|Any CPU
	EndGlobalSection
	GlobalSection(ProjectConfigurationPlatforms) = postSolution
		{2AB076A2-83F4-48A1-A7FB-07AD8E9DDEFE}.Debug|Any CPU.ActiveCfg = Debug|Any CPU
		{2AB076A2-83F4-48A1-A7FB-07AD8E9DDEFE}.Debug|Any CPU.Build.0 = Debug|Any CPU
		{2AB076A2-83F4-48A1-A7FB-07AD8E9DDEFE}.Release|Any CPU.ActiveCfg = Release|Any CPU
		{2AB076A2-83F4-48A1-A7FB-07AD8E9DDEFE}.Release|Any CPU.Build.0 = Release|Any CPU
	EndGlobalSection
	GlobalSection(SolutionProperties) = preSolution
		HideSolutionNode = FALSE
	EndGlobalSection
EndGlobal
